
Microsoft Visual Studio Solution File, Format Version 12.00
# Visual Studio 15
VisualStudioVersion = 15.0.28010.2016
MinimumVisualStudioVersion = 10.0.40219.1
Project("{FAE04EC0-301F-11D3-BF4B-00C04F79EFBC}") = "opdracht_6.3", "opdracht_6.3\opdracht_6.3.csproj", "{5D1A1983-1833-42A1-B16C-D1DFC731D619}"
EndProject
Global
	GlobalSection(SolutionConfigurationPlatforms) = preSolution
		Debug|Any CPU = Debug|Any CPU
		Release|Any CPU = Release|Any CPU
	EndGlobalSection
	GlobalSection(ProjectConfigurationPlatforms) = postSolution
		{5D1A1983-1833-42A1-B16C-D1DFC731D619}.Debug|Any CPU.ActiveCfg = Debug|Any CPU
		{5D1A1983-1833-42A1-B16C-D1DFC731D619}.Debug|Any CPU.Build.0 = Debug|Any CPU
		{5D1A1983-1833-42A1-B16C-D1DFC731D619}.Release|Any CPU.ActiveCfg = Release|Any CPU
		{5D1A1983-1833-42A1-B16C-D1DFC731D619}.Release|Any CPU.Build.0 = Release|Any CPU
	EndGlobalSection
	GlobalSection(SolutionProperties) = preSolution
		HideSolutionNode = FALSE
	EndGlobalSection
	GlobalSection(ExtensibilityGlobals) = postSolution
		SolutionGuid = {6968BAD6-F6AE-4D1E-A973-C5F7784171AC}
	EndGlobalSection
EndGlobal
