
Microsoft Visual Studio Solution File, Format Version 12.00
# Visual Studio 15
VisualStudioVersion = 15.0.28010.2016
MinimumVisualStudioVersion = 10.0.40219.1
Project("{FAE04EC0-301F-11D3-BF4B-00C04F79EFBC}") = "opdracht_6.2", "opdracht_6.2\opdracht_6.2.csproj", "{0FA60712-5853-43A8-909E-A33B1F6D7E11}"
EndProject
Global
	GlobalSection(SolutionConfigurationPlatforms) = preSolution
		Debug|Any CPU = Debug|Any CPU
		Release|Any CPU = Release|Any CPU
	EndGlobalSection
	GlobalSection(ProjectConfigurationPlatforms) = postSolution
		{0FA60712-5853-43A8-909E-A33B1F6D7E11}.Debug|Any CPU.ActiveCfg = Debug|Any CPU
		{0FA60712-5853-43A8-909E-A33B1F6D7E11}.Debug|Any CPU.Build.0 = Debug|Any CPU
		{0FA60712-5853-43A8-909E-A33B1F6D7E11}.Release|Any CPU.ActiveCfg = Release|Any CPU
		{0FA60712-5853-43A8-909E-A33B1F6D7E11}.Release|Any CPU.Build.0 = Release|Any CPU
	EndGlobalSection
	GlobalSection(SolutionProperties) = preSolution
		HideSolutionNode = FALSE
	EndGlobalSection
	GlobalSection(ExtensibilityGlobals) = postSolution
		SolutionGuid = {3185E490-4A3F-4751-88B4-CB654B521E15}
	EndGlobalSection
EndGlobal
